
Microsoft Visual Studio Solution File, Format Version 12.00
# Visual Studio 15
VisualStudioVersion = 15.0.27130.2027
MinimumVisualStudioVersion = 10.0.40219.1
Project("{FAE04EC0-301F-11D3-BF4B-00C04F79EFBC}") = "Ead2Ca1Template", "Ead2Ca1Template\Ead2Ca1Template.csproj", "{96DF58EC-4846-435D-AFF6-6B5FC0E1978C}"
EndProject
Global
	GlobalSection(SolutionConfigurationPlatforms) = preSolution
		Debug|Any CPU = Debug|Any CPU
		Release|Any CPU = Release|Any CPU
	EndGlobalSection
	GlobalSection(ProjectConfigurationPlatforms) = postSolution
		{96DF58EC-4846-435D-AFF6-6B5FC0E1978C}.Debug|Any CPU.ActiveCfg = Debug|Any CPU
		{96DF58EC-4846-435D-AFF6-6B5FC0E1978C}.Debug|Any CPU.Build.0 = Debug|Any CPU
		{96DF58EC-4846-435D-AFF6-6B5FC0E1978C}.Release|Any CPU.ActiveCfg = Release|Any CPU
		{96DF58EC-4846-435D-AFF6-6B5FC0E1978C}.Release|Any CPU.Build.0 = Release|Any CPU
	EndGlobalSection
	GlobalSection(SolutionProperties) = preSolution
		HideSolutionNode = FALSE
	EndGlobalSection
	GlobalSection(ExtensibilityGlobals) = postSolution
		SolutionGuid = {D661810F-7017-4469-9033-D4FCDEB587D0}
	EndGlobalSection
EndGlobal
